// !$*UTF8*$!
{
	archiveVersion = 1;
	classes = {
	};
	objectVersion = 46;
	objects = {

/* Begin PBXBuildFile section */
		0D478D531D0BC8CB00FB91E6 /* AppDelegate.swift in Sources */ = {isa = PBXBuildFile; fileRef = 0D478D521D0BC8CB00FB91E6 /* AppDelegate.swift */; };
		0D478D551D0BC8CB00FB91E6 /* ViewController.swift in Sources */ = {isa = PBXBuildFile; fileRef = 0D478D541D0BC8CB00FB91E6 /* ViewController.swift */; };
		0D478D581D0BC8CB00FB91E6 /* Main.storyboard in Resources */ = {isa = PBXBuildFile; fileRef = 0D478D561D0BC8CB00FB91E6 /* Main.storyboard */; };
		0D478D5A1D0BC8CB00FB91E6 /* Assets.xcassets in Resources */ = {isa = PBXBuildFile; fileRef = 0D478D591D0BC8CB00FB91E6 /* Assets.xcassets */; };
		0D478D5D1D0BC8CB00FB91E6 /* LaunchScreen.storyboard in Resources */ = {isa = PBXBuildFile; fileRef = 0D478D5B1D0BC8CB00FB91E6 /* LaunchScreen.storyboard */; };
		0D478D681D0BC8CB00FB91E6 /* PhuQuocIslandTests.swift in Sources */ = {isa = PBXBuildFile; fileRef = 0D478D671D0BC8CB00FB91E6 /* PhuQuocIslandTests.swift */; };
		0D478D731D0BC8CB00FB91E6 /* PhuQuocIslandUITests.swift in Sources */ = {isa = PBXBuildFile; fileRef = 0D478D721D0BC8CB00FB91E6 /* PhuQuocIslandUITests.swift */; };
		0D478D811D0BE12100FB91E6 /* DetailViewController.swift in Sources */ = {isa = PBXBuildFile; fileRef = 0D478D801D0BE12100FB91E6 /* DetailViewController.swift */; };
/* End PBXBuildFile section */

/* Begin PBXContainerItemProxy section */
		0D478D641D0BC8CB00FB91E6 /* PBXContainerItemProxy */ = {
			isa = PBXContainerItemProxy;
			containerPortal = 0D478D471D0BC8CB00FB91E6 /* Project object */;
			proxyType = 1;
			remoteGlobalIDString = 0D478D4E1D0BC8CB00FB91E6;
			remoteInfo = PhuQuocIsland;
		};
		0D478D6F1D0BC8CB00FB91E6 /* PBXContainerItemProxy */ = {
			isa = PBXContainerItemProxy;
			containerPortal = 0D478D471D0BC8CB00FB91E6 /* Project object */;
			proxyType = 1;
			remoteGlobalIDString = 0D478D4E1D0BC8CB00FB91E6;
			remoteInfo = PhuQuocIsland;
		};
/* End PBXContainerItemProxy section */

/* Begin PBXFileReference section */
		0D478D4F1D0BC8CB00FB91E6 /* PhuQuocIsland.app */ = {isa = PBXFileReference; explicitFileType = wrapper.application; includeInIndex = 0; path = PhuQuocIsland.app; sourceTree = BUILT_PRODUCTS_DIR; };
		0D478D521D0BC8CB00FB91E6 /* AppDelegate.swift */ = {isa = PBXFileReference; lastKnownFileType = sourcecode.swift; path = AppDelegate.swift; sourceTree = "<group>"; };
		0D478D541D0BC8CB00FB91E6 /* ViewController.swift */ = {isa = PBXFileReference; lastKnownFileType = sourcecode.swift; path = ViewController.swift; sourceTree = "<group>"; };
		0D478D571D0BC8CB00FB91E6 /* Base */ = {isa = PBXFileReference; lastKnownFileType = file.storyboard; name = Base; path = Base.lproj/Main.storyboard; sourceTree = "<group>"; };
		0D478D591D0BC8CB00FB91E6 /* Assets.xcassets */ = {isa = PBXFileReference; lastKnownFileType = folder.assetcatalog; path = Assets.xcassets; sourceTree = "<group>"; };
		0D478D5C1D0BC8CB00FB91E6 /* Base */ = {isa = PBXFileReference; lastKnownFileType = file.storyboard; name = Base; path = Base.lproj/LaunchScreen.storyboard; sourceTree = "<group>"; };
		0D478D5E1D0BC8CB00FB91E6 /* Info.plist */ = {isa = PBXFileReference; lastKnownFileType = text.plist.xml; path = Info.plist; sourceTree = "<group>"; };
		0D478D631D0BC8CB00FB91E6 /* PhuQuocIslandTests.xctest */ = {isa = PBXFileReference; explicitFileType = wrapper.cfbundle; includeInIndex = 0; path = PhuQuocIslandTests.xctest; sourceTree = BUILT_PRODUCTS_DIR; };
		0D478D671D0BC8CB00FB91E6 /* PhuQuocIslandTests.swift */ = {isa = PBXFileReference; lastKnownFileType = sourcecode.swift; path = PhuQuocIslandTests.swift; sourceTree = "<group>"; };
		0D478D691D0BC8CB00FB91E6 /* Info.plist */ = {isa = PBXFileReference; lastKnownFileType = text.plist.xml; path = Info.plist; sourceTree = "<group>"; };
		0D478D6E1D0BC8CB00FB91E6 /* PhuQuocIslandUITests.xctest */ = {isa = PBXFileReference; explicitFileType = wrapper.cfbundle; includeInIndex = 0; path = PhuQuocIslandUITests.xctest; sourceTree = BUILT_PRODUCTS_DIR; };
		0D478D721D0BC8CB00FB91E6 /* PhuQuocIslandUITests.swift */ = {isa = PBXFileReference; lastKnownFileType = sourcecode.swift; path = PhuQuocIslandUITests.swift; sourceTree = "<group>"; };
		0D478D741D0BC8CB00FB91E6 /* Info.plist */ = {isa = PBXFileReference; lastKnownFileType = text.plist.xml; path = Info.plist; sourceTree = "<group>"; };
		0D478D801D0BE12100FB91E6 /* DetailViewController.swift */ = {isa = PBXFileReference; fileEncoding = 4; lastKnownFileType = sourcecode.swift; path = DetailViewController.swift; sourceTree = "<group>"; };
/* End PBXFileReference section */

/* Begin PBXFrameworksBuildPhase section */
		0D478D4C1D0BC8CB00FB91E6 /* Frameworks */ = {
			isa = PBXFrameworksBuildPhase;
			buildActionMask = 2147483647;
			files = (
			);
			runOnlyForDeploymentPostprocessing = 0;
		};
		0D478D601D0BC8CB00FB91E6 /* Frameworks */ = {
			isa = PBXFrameworksBuildPhase;
			buildActionMask = 2147483647;
			files = (
			);
			runOnlyForDeploymentPostprocessing = 0;
		};
		0D478D6B1D0BC8CB00FB91E6 /* Frameworks */ = {
			isa = PBXFrameworksBuildPhase;
			buildActionMask = 2147483647;
			files = (
			);
			runOnlyForDeploymentPostprocessing = 0;
		};
/* End PBXFrameworksBuildPhase section */

/* Begin PBXGroup section */
		0D478D461D0BC8CB00FB91E6 = {
			isa = PBXGroup;
			children = (
				0D478D511D0BC8CB00FB91E6 /* PhuQuocIsland */,
				0D478D661D0BC8CB00FB91E6 /* PhuQuocIslandTests */,
				0D478D711D0BC8CB00FB91E6 /* PhuQuocIslandUITests */,
				0D478D501D0BC8CB00FB91E6 /* Products */,
			);
			sourceTree = "<group>";
		};
		0D478D501D0BC8CB00FB91E6 /* Products */ = {
			isa = PBXGroup;
			children = (
				0D478D4F1D0BC8CB00FB91E6 /* PhuQuocIsland.app */,
				0D478D631D0BC8CB00FB91E6 /* PhuQuocIslandTests.xctest */,
				0D478D6E1D0BC8CB00FB91E6 /* PhuQuocIslandUITests.xctest */,
			);
			name = Products;
			sourceTree = "<group>";
		};
		0D478D511D0BC8CB00FB91E6 /* PhuQuocIsland */ = {
			isa = PBXGroup;
			children = (
				0D478D521D0BC8CB00FB91E6 /* AppDelegate.swift */,
				0D478D541D0BC8CB00FB91E6 /* ViewController.swift */,
				0D478D561D0BC8CB00FB91E6 /* Main.storyboard */,
				0D478D591D0BC8CB00FB91E6 /* Assets.xcassets */,
				0D478D5B1D0BC8CB00FB91E6 /* LaunchScreen.storyboard */,
				0D478D5E1D0BC8CB00FB91E6 /* Info.plist */,
				0D478D801D0BE12100FB91E6 /* DetailViewController.swift */,
			);
			path = PhuQuocIsland;
			sourceTree = "<group>";
		};
		0D478D661D0BC8CB00FB91E6 /* PhuQuocIslandTests */ = {
			isa = PBXGroup;
			children = (
				0D478D671D0BC8CB00FB91E6 /* PhuQuocIslandTests.swift */,
				0D478D691D0BC8CB00FB91E6 /* Info.plist */,
			);
			path = PhuQuocIslandTests;
			sourceTree = "<group>";
		};
		0D478D711D0BC8CB00FB91E6 /* PhuQuocIslandUITests */ = {
			isa = PBXGroup;
			children = (
				0D478D721D0BC8CB00FB91E6 /* PhuQuocIslandUITests.swift */,
				0D478D741D0BC8CB00FB91E6 /* Info.plist */,
			);
			path = PhuQuocIslandUITests;
			sourceTree = "<group>";
		};
/* End PBXGroup section */

/* Begin PBXNativeTarget section */
		0D478D4E1D0BC8CB00FB91E6 /* PhuQuocIsland */ = {
			isa = PBXNativeTarget;
			buildConfigurationList = 0D478D771D0BC8CB00FB91E6 /* Build configuration list for PBXNativeTarget "PhuQuocIsland" */;
			buildPhases = (
				0D478D4B1D0BC8CB00FB91E6 /* Sources */,
				0D478D4C1D0BC8CB00FB91E6 /* Frameworks */,
				0D478D4D1D0BC8CB00FB91E6 /* Resources */,
			);
			buildRules = (
			);
			dependencies = (
			);
			name = PhuQuocIsland;
			productName = PhuQuocIsland;
			productReference = 0D478D4F1D0BC8CB00FB91E6 /* PhuQuocIsland.app */;
			productType = "com.apple.product-type.application";
		};
		0D478D621D0BC8CB00FB91E6 /* PhuQuocIslandTests */ = {
			isa = PBXNativeTarget;
			buildConfigurationList = 0D478D7A1D0BC8CB00FB91E6 /* Build configuration list for PBXNativeTarget "PhuQuocIslandTests" */;
			buildPhases = (
				0D478D5F1D0BC8CB00FB91E6 /* Sources */,
				0D478D601D0BC8CB00FB91E6 /* Frameworks */,
				0D478D611D0BC8CB00FB91E6 /* Resources */,
			);
			buildRules = (
			);
			dependencies = (
				0D478D651D0BC8CB00FB91E6 /* PBXTargetDependency */,
			);
			name = PhuQuocIslandTests;
			productName = PhuQuocIslandTests;
			productReference = 0D478D631D0BC8CB00FB91E6 /* PhuQuocIslandTests.xctest */;
			productType = "com.apple.product-type.bundle.unit-test";
		};
		0D478D6D1D0BC8CB00FB91E6 /* PhuQuocIslandUITests */ = {
			isa = PBXNativeTarget;
			buildConfigurationList = 0D478D7D1D0BC8CB00FB91E6 /* Build configuration list for PBXNativeTarget "PhuQuocIslandUITests" */;
			buildPhases = (
				0D478D6A1D0BC8CB00FB91E6 /* Sources */,
				0D478D6B1D0BC8CB00FB91E6 /* Frameworks */,
				0D478D6C1D0BC8CB00FB91E6 /* Resources */,
			);
			buildRules = (
			);
			dependencies = (
				0D478D701D0BC8CB00FB91E6 /* PBXTargetDependency */,
			);
			name = PhuQuocIslandUITests;
			productName = PhuQuocIslandUITests;
			productReference = 0D478D6E1D0BC8CB00FB91E6 /* PhuQuocIslandUITests.xctest */;
			productType = "com.apple.product-type.bundle.ui-testing";
		};
/* End PBXNativeTarget section */

/* Begin PBXProject section */
		0D478D471D0BC8CB00FB91E6 /* Project object */ = {
			isa = PBXProject;
			attributes = {
				LastSwiftUpdateCheck = 0730;
				LastUpgradeCheck = 0730;
				ORGANIZATIONNAME = "Minh Thang Vu";
				TargetAttributes = {
					0D478D4E1D0BC8CB00FB91E6 = {
						CreatedOnToolsVersion = 7.3.1;
					};
					0D478D621D0BC8CB00FB91E6 = {
						CreatedOnToolsVersion = 7.3.1;
						TestTargetID = 0D478D4E1D0BC8CB00FB91E6;
					};
					0D478D6D1D0BC8CB00FB91E6 = {
						CreatedOnToolsVersion = 7.3.1;
						TestTargetID = 0D478D4E1D0BC8CB00FB91E6;
					};
				};
			};
			buildConfigurationList = 0D478D4A1D0BC8CB00FB91E6 /* Build configuration list for PBXProject "PhuQuocIsland" */;
			compatibilityVersion = "Xcode 3.2";
			developmentRegion = English;
			hasScannedForEncodings = 0;
			knownRegions = (
				en,
				Base,
			);
			mainGroup = 0D478D461D0BC8CB00FB91E6;
			productRefGroup = 0D478D501D0BC8CB00FB91E6 /* Products */;
			projectDirPath = "";
			projectRoot = "";
			targets = (
				0D478D4E1D0BC8CB00FB91E6 /* PhuQuocIsland */,
				0D478D621D0BC8CB00FB91E6 /* PhuQuocIslandTests */,
				0D478D6D1D0BC8CB00FB91E6 /* PhuQuocIslandUITests */,
			);
		};
/* End PBXProject section */

/* Begin PBXResourcesBuildPhase section */
		0D478D4D1D0BC8CB00FB91E6 /* Resources */ = {
			isa = PBXResourcesBuildPhase;
			buildActionMask = 2147483647;
			files = (
				0D478D5D1D0BC8CB00FB91E6 /* LaunchScreen.storyboard in Resources */,
				0D478D5A1D0BC8CB00FB91E6 /* Assets.xcassets in Resources */,
				0D478D581D0BC8CB00FB91E6 /* Main.storyboard in Resources */,
			);
			runOnlyForDeploymentPostprocessing = 0;
		};
		0D478D611D0BC8CB00FB91E6 /* Resources */ = {
			isa = PBXResourcesBuildPhase;
			buildActionMask = 2147483647;
			files = (
			);
			runOnlyForDeploymentPostprocessing = 0;
		};
		0D478D6C1D0BC8CB00FB91E6 /* Resources */ = {
			isa = PBXResourcesBuildPhase;
			buildActionMask = 2147483647;
			files = (
			);
			runOnlyForDeploymentPostprocessing = 0;
		};
/* End PBXResourcesBuildPhase section */

/* Begin PBXSourcesBuildPhase section */
		0D478D4B1D0BC8CB00FB91E6 /* Sources */ = {
			isa = PBXSourcesBuildPhase;
			buildActionMask = 2147483647;
			files = (
				0D478D811D0BE12100FB91E6 /* DetailViewController.swift in Sources */,
				0D478D551D0BC8CB00FB91E6 /* ViewController.swift in Sources */,
				0D478D531D0BC8CB00FB91E6 /* AppDelegate.swift in Sources */,
			);
			runOnlyForDeploymentPostprocessing = 0;
		};
		0D478D5F1D0BC8CB00FB91E6 /* Sources */ = {
			isa = PBXSourcesBuildPhase;
			buildActionMask = 2147483647;
			files = (
				0D478D681D0BC8CB00FB91E6 /* PhuQuocIslandTests.swift in Sources */,
			);
			runOnlyForDeploymentPostprocessing = 0;
		};
		0D478D6A1D0BC8CB00FB91E6 /* Sources */ = {
			isa = PBXSourcesBuildPhase;
			buildActionMask = 2147483647;
			files = (
				0D478D731D0BC8CB00FB91E6 /* PhuQuocIslandUITests.swift in Sources */,
			);
			runOnlyForDeploymentPostprocessing = 0;
		};
/* End PBXSourcesBuildPhase section */

/* Begin PBXTargetDependency section */
		0D478D651D0BC8CB00FB91E6 /* PBXTargetDependency */ = {
			isa = PBXTargetDependency;
			target = 0D478D4E1D0BC8CB00FB91E6 /* PhuQuocIsland */;
			targetProxy = 0D478D641D0BC8CB00FB91E6 /* PBXContainerItemProxy */;
		};
		0D478D701D0BC8CB00FB91E6 /* PBXTargetDependency */ = {
			isa = PBXTargetDependency;
			target = 0D478D4E1D0BC8CB00FB91E6 /* PhuQuocIsland */;
			targetProxy = 0D478D6F1D0BC8CB00FB91E6 /* PBXContainerItemProxy */;
		};
/* End PBXTargetDependency section */

/* Begin PBXVariantGroup section */
		0D478D561D0BC8CB00FB91E6 /* Main.storyboard */ = {
			isa = PBXVariantGroup;
			children = (
				0D478D571D0BC8CB00FB91E6 /* Base */,
			);
			name = Main.storyboard;
			sourceTree = "<group>";
		};
		0D478D5B1D0BC8CB00FB91E6 /* LaunchScreen.storyboard */ = {
			isa = PBXVariantGroup;
			children = (
				0D478D5C1D0BC8CB00FB91E6 /* Base */,
			);
			name = LaunchScreen.storyboard;
			sourceTree = "<group>";
		};
/* End PBXVariantGroup section */

/* Begin XCBuildConfiguration section */
		0D478D751D0BC8CB00FB91E6 /* Debug */ = {
			isa = XCBuildConfiguration;
			buildSettings = {
				ALWAYS_SEARCH_USER_PATHS = NO;
				CLANG_ANALYZER_NONNULL = YES;
				CLANG_CXX_LANGUAGE_STANDARD = "gnu++0x";
				CLANG_CXX_LIBRARY = "libc++";
				CLANG_ENABLE_MODULES = YES;
				CLANG_ENABLE_OBJC_ARC = YES;
				CLANG_WARN_BOOL_CONVERSION = YES;
				CLANG_WARN_CONSTANT_CONVERSION = YES;
				CLANG_WARN_DIRECT_OBJC_ISA_USAGE = YES_ERROR;
				CLANG_WARN_EMPTY_BODY = YES;
				CLANG_WARN_ENUM_CONVERSION = YES;
				CLANG_WARN_INT_CONVERSION = YES;
				CLANG_WARN_OBJC_ROOT_CLASS = YES_ERROR;
				CLANG_WARN_UNREACHABLE_CODE = YES;
				CLANG_WARN__DUPLICATE_METHOD_MATCH = YES;
				"CODE_SIGN_IDENTITY[sdk=iphoneos*]" = "iPhone Developer";
				COPY_PHASE_STRIP = NO;
				DEBUG_INFORMATION_FORMAT = dwarf;
				ENABLE_STRICT_OBJC_MSGSEND = YES;
				ENABLE_TESTABILITY = YES;
				GCC_C_LANGUAGE_STANDARD = gnu99;
				GCC_DYNAMIC_NO_PIC = NO;
				GCC_NO_COMMON_BLOCKS = YES;
				GCC_OPTIMIZATION_LEVEL = 0;
				GCC_PREPROCESSOR_DEFINITIONS = (
					"DEBUG=1",
					"$(inherited)",
				);
				GCC_WARN_64_TO_32_BIT_CONVERSION = YES;
				GCC_WARN_ABOUT_RETURN_TYPE = YES_ERROR;
				GCC_WARN_UNDECLARED_SELECTOR = YES;
				GCC_WARN_UNINITIALIZED_AUTOS = YES_AGGRESSIVE;
				GCC_WARN_UNUSED_FUNCTION = YES;
				GCC_WARN_UNUSED_VARIABLE = YES;
				IPHONEOS_DEPLOYMENT_TARGET = 9.3;
				MTL_ENABLE_DEBUG_INFO = YES;
				ONLY_ACTIVE_ARCH = YES;
				SDKROOT = iphoneos;
				SWIFT_OPTIMIZATION_LEVEL = "-Onone";
				TARGETED_DEVICE_FAMILY = "1,2";
			};
			name = Debug;
		};
		0D478D761D0BC8CB00FB91E6 /* Release */ = {
			isa = XCBuildConfiguration;
			buildSettings = {
				ALWAYS_SEARCH_USER_PATHS = NO;
				CLANG_ANALYZER_NONNULL = YES;
				CLANG_CXX_LANGUAGE_STANDARD = "gnu++0x";
				CLANG_CXX_LIBRARY = "libc++";
				CLANG_ENABLE_MODULES = YES;
				CLANG_ENABLE_OBJC_ARC = YES;
				CLANG_WARN_BOOL_CONVERSION = YES;
				CLANG_WARN_CONSTANT_CONVERSION = YES;
				CLANG_WARN_DIRECT_OBJC_ISA_USAGE = YES_ERROR;
				CLANG_WARN_EMPTY_BODY = YES;
				CLANG_WARN_ENUM_CONVERSION = YES;
				CLANG_WARN_INT_CONVERSION = YES;
				CLANG_WARN_OBJC_ROOT_CLASS = YES_ERROR;
				CLANG_WARN_UNREACHABLE_CODE = YES;
				CLANG_WARN__DUPLICATE_METHOD_MATCH = YES;
				"CODE_SIGN_IDENTITY[sdk=iphoneos*]" = "iPhone Developer";
				COPY_PHASE_STRIP = NO;
				DEBUG_INFORMATION_FORMAT = "dwarf-with-dsym";
				ENABLE_NS_ASSERTIONS = NO;
				ENABLE_STRICT_OBJC_MSGSEND = YES;
				GCC_C_LANGUAGE_STANDARD = gnu99;
				GCC_NO_COMMON_BLOCKS = YES;
				GCC_WARN_64_TO_32_BIT_CONVERSION = YES;
				GCC_WARN_ABOUT_RETURN_TYPE = YES_ERROR;
				GCC_WARN_UNDECLARED_SELECTOR = YES;
				GCC_WARN_UNINITIALIZED_AUTOS = YES_AGGRESSIVE;
				GCC_WARN_UNUSED_FUNCTION = YES;
				GCC_WARN_UNUSED_VARIABLE = YES;
				IPHONEOS_DEPLOYMENT_TARGET = 9.3;
				MTL_ENABLE_DEBUG_INFO = NO;
				SDKROOT = iphoneos;
				TARGETED_DEVICE_FAMILY = "1,2";
				VALIDATE_PRODUCT = YES;
			};
			name = Release;
		};
		0D478D781D0BC8CB00FB91E6 /* Debug */ = {
			isa = XCBuildConfiguration;
			buildSettings = {
				ASSETCATALOG_COMPILER_APPICON_NAME = AppIcon;
				INFOPLIST_FILE = PhuQuocIsland/Info.plist;
				LD_RUNPATH_SEARCH_PATHS = "$(inherited) @executable_path/Frameworks";
				PRODUCT_BUNDLE_IDENTIFIER = com.ittus.PhuQuocIsland;
				PRODUCT_NAME = "$(TARGET_NAME)";
			};
			name = Debug;
		};
		0D478D791D0BC8CB00FB91E6 /* Release */ = {
			isa = XCBuildConfiguration;
			buildSettings = {
				ASSETCATALOG_COMPILER_APPICON_NAME = AppIcon;
				INFOPLIST_FILE = PhuQuocIsland/Info.plist;
				LD_RUNPATH_SEARCH_PATHS = "$(inherited) @executable_path/Frameworks";
				PRODUCT_BUNDLE_IDENTIFIER = com.ittus.PhuQuocIsland;
				PRODUCT_NAME = "$(TARGET_NAME)";
			};
			name = Release;
		};
		0D478D7B1D0BC8CB00FB91E6 /* Debug */ = {
			isa = XCBuildConfiguration;
			buildSettings = {
				BUNDLE_LOADER = "$(TEST_HOST)";
				INFOPLIST_FILE = PhuQuocIslandTests/Info.plist;
				LD_RUNPATH_SEARCH_PATHS = "$(inherited) @executable_path/Frameworks @loader_path/Frameworks";
				PRODUCT_BUNDLE_IDENTIFIER = com.ittus.PhuQuocIslandTests;
				PRODUCT_NAME = "$(TARGET_NAME)";
				TEST_HOST = "$(BUILT_PRODUCTS_DIR)/PhuQuocIsland.app/PhuQuocIsland";
			};
			name = Debug;
		};
		0D478D7C1D0BC8CB00FB91E6 /* Release */ = {
			isa = XCBuildConfiguration;
			buildSettings = {
				BUNDLE_LOADER = "$(TEST_HOST)";
				INFOPLIST_FILE = PhuQuocIslandTests/Info.plist;
				LD_RUNPATH_SEARCH_PATHS = "$(inherited) @executable_path/Frameworks @loader_path/Frameworks";
				PRODUCT_BUNDLE_IDENTIFIER = com.ittus.PhuQuocIslandTests;
				PRODUCT_NAME = "$(TARGET_NAME)";
				TEST_HOST = "$(BUILT_PRODUCTS_DIR)/PhuQuocIsland.app/PhuQuocIsland";
			};
			name = Release;
		};
		0D478D7E1D0BC8CB00FB91E6 /* Debug */ = {
			isa = XCBuildConfiguration;
			buildSettings = {
				INFOPLIST_FILE = PhuQuocIslandUITests/Info.plist;
				LD_RUNPATH_SEARCH_PATHS = "$(inherited) @executable_path/Frameworks @loader_path/Frameworks";
				PRODUCT_BUNDLE_IDENTIFIER = com.ittus.PhuQuocIslandUITests;
				PRODUCT_NAME = "$(TARGET_NAME)";
				TEST_TARGET_NAME = PhuQuocIsland;
			};
			name = Debug;
		};
		0D478D7F1D0BC8CB00FB91E6 /* Release */ = {
			isa = XCBuildConfiguration;
			buildSettings = {
				INFOPLIST_FILE = PhuQuocIslandUITests/Info.plist;
				LD_RUNPATH_SEARCH_PATHS = "$(inherited) @executable_path/Frameworks @loader_path/Frameworks";
				PRODUCT_BUNDLE_IDENTIFIER = com.ittus.PhuQuocIslandUITests;
				PRODUCT_NAME = "$(TARGET_NAME)";
				TEST_TARGET_NAME = PhuQuocIsland;
			};
			name = Release;
		};
/* End XCBuildConfiguration section */

/* Begin XCConfigurationList section */
		0D478D4A1D0BC8CB00FB91E6 /* Build configuration list for PBXProject "PhuQuocIsland" */ = {
			isa = XCConfigurationList;
			buildConfigurations = (
				0D478D751D0BC8CB00FB91E6 /* Debug */,
				0D478D761D0BC8CB00FB91E6 /* Release */,
			);
			defaultConfigurationIsVisible = 0;
			defaultConfigurationName = Release;
		};
		0D478D771D0BC8CB00FB91E6 /* Build configuration list for PBXNativeTarget "PhuQuocIsland" */ = {
			isa = XCConfigurationList;
			buildConfigurations = (
				0D478D781D0BC8CB00FB91E6 /* Debug */,
				0D478D791D0BC8CB00FB91E6 /* Release */,
			);
			defaultConfigurationIsVisible = 0;
		};
		0D478D7A1D0BC8CB00FB91E6 /* Build configuration list for PBXNativeTarget "PhuQuocIslandTests" */ = {
			isa = XCConfigurationList;
			buildConfigurations = (
				0D478D7B1D0BC8CB00FB91E6 /* Debug */,
				0D478D7C1D0BC8CB00FB91E6 /* Release */,
			);
			defaultConfigurationIsVisible = 0;
		};
		0D478D7D1D0BC8CB00FB91E6 /* Build configuration list for PBXNativeTarget "PhuQuocIslandUITests" */ = {
			isa = XCConfigurationList;
			buildConfigurations = (
				0D478D7E1D0BC8CB00FB91E6 /* Debug */,
				0D478D7F1D0BC8CB00FB91E6 /* Release */,
			);
			defaultConfigurationIsVisible = 0;
		};
/* End XCConfigurationList section */
	};
	rootObject = 0D478D471D0BC8CB00FB91E6 /* Project object */;
}
